
Microsoft Visual Studio Solution File, Format Version 12.00
# Visual Studio Version 17
VisualStudioVersion = 17.10.35004.147
MinimumVisualStudioVersion = 10.0.40219.1
Project("{FAE04EC0-301F-11D3-BF4B-00C04F79EFBC}") = "hogomb", "hogomb\hogomb.csproj", "{2DD6C04D-5F4B-4AF7-B9A5-3626AFAB3B99}"
EndProject
Global
	GlobalSection(SolutionConfigurationPlatforms) = preSolution
		Debug|Any CPU = Debug|Any CPU
		Release|Any CPU = Release|Any CPU
	EndGlobalSection
	GlobalSection(ProjectConfigurationPlatforms) = postSolution
		{2DD6C04D-5F4B-4AF7-B9A5-3626AFAB3B99}.Debug|Any CPU.ActiveCfg = Debug|Any CPU
		{2DD6C04D-5F4B-4AF7-B9A5-3626AFAB3B99}.Debug|Any CPU.Build.0 = Debug|Any CPU
		{2DD6C04D-5F4B-4AF7-B9A5-3626AFAB3B99}.Release|Any CPU.ActiveCfg = Release|Any CPU
		{2DD6C04D-5F4B-4AF7-B9A5-3626AFAB3B99}.Release|Any CPU.Build.0 = Release|Any CPU
	EndGlobalSection
	GlobalSection(SolutionProperties) = preSolution
		HideSolutionNode = FALSE
	EndGlobalSection
	GlobalSection(ExtensibilityGlobals) = postSolution
		SolutionGuid = {03F727F8-87C8-43BC-8D30-B0A75FF01816}
	EndGlobalSection
EndGlobal
